
Microsoft Visual Studio Solution File, Format Version 12.00
# Visual Studio Version 17
VisualStudioVersion = 17.0.32014.148
MinimumVisualStudioVersion = 10.0.40219.1
Project("{FAE04EC0-301F-11D3-BF4B-00C04F79EFBC}") = "RevisaoFor", "RevisaoFor\RevisaoFor.csproj", "{BE1D2CE6-E9E0-41BF-A838-791DB94F454C}"
EndProject
Global
	GlobalSection(SolutionConfigurationPlatforms) = preSolution
		Debug|Any CPU = Debug|Any CPU
		Release|Any CPU = Release|Any CPU
	EndGlobalSection
	GlobalSection(ProjectConfigurationPlatforms) = postSolution
		{BE1D2CE6-E9E0-41BF-A838-791DB94F454C}.Debug|Any CPU.ActiveCfg = Debug|Any CPU
		{BE1D2CE6-E9E0-41BF-A838-791DB94F454C}.Debug|Any CPU.Build.0 = Debug|Any CPU
		{BE1D2CE6-E9E0-41BF-A838-791DB94F454C}.Release|Any CPU.ActiveCfg = Release|Any CPU
		{BE1D2CE6-E9E0-41BF-A838-791DB94F454C}.Release|Any CPU.Build.0 = Release|Any CPU
	EndGlobalSection
	GlobalSection(SolutionProperties) = preSolution
		HideSolutionNode = FALSE
	EndGlobalSection
	GlobalSection(ExtensibilityGlobals) = postSolution
		SolutionGuid = {1ECD17ED-9397-4CDA-866B-EF8268846BFD}
	EndGlobalSection
EndGlobal
